
Microsoft Visual Studio Solution File, Format Version 12.00
# Visual Studio 15
VisualStudioVersion = 15.0.27703.2000
MinimumVisualStudioVersion = 10.0.40219.1
Project("{9A19103F-16F7-4668-BE54-9A1E7A4F7556}") = "P01_HospitalDatabase", "P01_HospitalDatabase\P01_HospitalDatabase.csproj", "{542901A1-2897-47A1-AF2E-FEB0AFA79FD6}"
EndProject
Project("{9A19103F-16F7-4668-BE54-9A1E7A4F7556}") = "P01_HospitalDatabase.Data.Models", "P01_HospitalDatabase.Data.Models\P01_HospitalDatabase.Data.Models.csproj", "{90BA6127-9059-4B03-8902-484E1838BA23}"
EndProject
Project("{9A19103F-16F7-4668-BE54-9A1E7A4F7556}") = "P01_HospitalDatabase.Data", "P01_HospitalDatabase.Data\P01_HospitalDatabase.Data.csproj", "{4124E7DD-B670-4EDC-80A4-3380F5404809}"
EndProject
Project("{9A19103F-16F7-4668-BE54-9A1E7A4F7556}") = "HospitalDatabaseInitializer", "HospitalDatabaseInitializer\HospitalDatabaseInitializer.csproj", "{6B7410D0-FF36-47B2-A54B-365D2EA9061E}"
EndProject
Global
	GlobalSection(SolutionConfigurationPlatforms) = preSolution
		Debug|Any CPU = Debug|Any CPU
		Release|Any CPU = Release|Any CPU
	EndGlobalSection
	GlobalSection(ProjectConfigurationPlatforms) = postSolution
		{542901A1-2897-47A1-AF2E-FEB0AFA79FD6}.Debug|Any CPU.ActiveCfg = Debug|Any CPU
		{542901A1-2897-47A1-AF2E-FEB0AFA79FD6}.Debug|Any CPU.Build.0 = Debug|Any CPU
		{542901A1-2897-47A1-AF2E-FEB0AFA79FD6}.Release|Any CPU.ActiveCfg = Release|Any CPU
		{542901A1-2897-47A1-AF2E-FEB0AFA79FD6}.Release|Any CPU.Build.0 = Release|Any CPU
		{90BA6127-9059-4B03-8902-484E1838BA23}.Debug|Any CPU.ActiveCfg = Debug|Any CPU
		{90BA6127-9059-4B03-8902-484E1838BA23}.Debug|Any CPU.Build.0 = Debug|Any CPU
		{90BA6127-9059-4B03-8902-484E1838BA23}.Release|Any CPU.ActiveCfg = Release|Any CPU
		{90BA6127-9059-4B03-8902-484E1838BA23}.Release|Any CPU.Build.0 = Release|Any CPU
		{4124E7DD-B670-4EDC-80A4-3380F5404809}.Debug|Any CPU.ActiveCfg = Debug|Any CPU
		{4124E7DD-B670-4EDC-80A4-3380F5404809}.Debug|Any CPU.Build.0 = Debug|Any CPU
		{4124E7DD-B670-4EDC-80A4-3380F5404809}.Release|Any CPU.ActiveCfg = Release|Any CPU
		{4124E7DD-B670-4EDC-80A4-3380F5404809}.Release|Any CPU.Build.0 = Release|Any CPU
		{6B7410D0-FF36-47B2-A54B-365D2EA9061E}.Debug|Any CPU.ActiveCfg = Debug|Any CPU
		{6B7410D0-FF36-47B2-A54B-365D2EA9061E}.Debug|Any CPU.Build.0 = Debug|Any CPU
		{6B7410D0-FF36-47B2-A54B-365D2EA9061E}.Release|Any CPU.ActiveCfg = Release|Any CPU
		{6B7410D0-FF36-47B2-A54B-365D2EA9061E}.Release|Any CPU.Build.0 = Release|Any CPU
	EndGlobalSection
	GlobalSection(SolutionProperties) = preSolution
		HideSolutionNode = FALSE
	EndGlobalSection
	GlobalSection(ExtensibilityGlobals) = postSolution
		SolutionGuid = {73AA5790-BBC8-4E43-81C7-CAAB0BB4E85E}
	EndGlobalSection
EndGlobal
