
Microsoft Visual Studio Solution File, Format Version 12.00
# Visual Studio 15
VisualStudioVersion = 15.0.27703.2035
MinimumVisualStudioVersion = 10.0.40219.1
Project("{FAE04EC0-301F-11D3-BF4B-00C04F79EFBC}") = "Shop.App", "Shop.App\Shop.App.csproj", "{0189CF50-CB20-4FFA-AA2C-EBB3B531A345}"
EndProject
Project("{FAE04EC0-301F-11D3-BF4B-00C04F79EFBC}") = "Shop.Data", "Shop.Data\Shop.Data.csproj", "{0499AF1E-51CB-4643-B44E-9787F23B5737}"
EndProject
Project("{FAE04EC0-301F-11D3-BF4B-00C04F79EFBC}") = "Shop.Models", "Shop.Models\Shop.Models.csproj", "{5308794C-043C-466E-9ED1-D6926ABFF5D2}"
EndProject
Project("{FAE04EC0-301F-11D3-BF4B-00C04F79EFBC}") = "Shop.Services", "Shop.Services\Shop.Services.csproj", "{7A17D3DD-8157-4E51-9731-C40AEE1F89B2}"
EndProject
Global
	GlobalSection(SolutionConfigurationPlatforms) = preSolution
		Debug|Any CPU = Debug|Any CPU
		Release|Any CPU = Release|Any CPU
	EndGlobalSection
	GlobalSection(ProjectConfigurationPlatforms) = postSolution
		{0189CF50-CB20-4FFA-AA2C-EBB3B531A345}.Debug|Any CPU.ActiveCfg = Debug|Any CPU
		{0189CF50-CB20-4FFA-AA2C-EBB3B531A345}.Debug|Any CPU.Build.0 = Debug|Any CPU
		{0189CF50-CB20-4FFA-AA2C-EBB3B531A345}.Release|Any CPU.ActiveCfg = Release|Any CPU
		{0189CF50-CB20-4FFA-AA2C-EBB3B531A345}.Release|Any CPU.Build.0 = Release|Any CPU
		{0499AF1E-51CB-4643-B44E-9787F23B5737}.Debug|Any CPU.ActiveCfg = Debug|Any CPU
		{0499AF1E-51CB-4643-B44E-9787F23B5737}.Debug|Any CPU.Build.0 = Debug|Any CPU
		{0499AF1E-51CB-4643-B44E-9787F23B5737}.Release|Any CPU.ActiveCfg = Release|Any CPU
		{0499AF1E-51CB-4643-B44E-9787F23B5737}.Release|Any CPU.Build.0 = Release|Any CPU
		{5308794C-043C-466E-9ED1-D6926ABFF5D2}.Debug|Any CPU.ActiveCfg = Debug|Any CPU
		{5308794C-043C-466E-9ED1-D6926ABFF5D2}.Debug|Any CPU.Build.0 = Debug|Any CPU
		{5308794C-043C-466E-9ED1-D6926ABFF5D2}.Release|Any CPU.ActiveCfg = Release|Any CPU
		{5308794C-043C-466E-9ED1-D6926ABFF5D2}.Release|Any CPU.Build.0 = Release|Any CPU
		{7A17D3DD-8157-4E51-9731-C40AEE1F89B2}.Debug|Any CPU.ActiveCfg = Debug|Any CPU
		{7A17D3DD-8157-4E51-9731-C40AEE1F89B2}.Debug|Any CPU.Build.0 = Debug|Any CPU
		{7A17D3DD-8157-4E51-9731-C40AEE1F89B2}.Release|Any CPU.ActiveCfg = Release|Any CPU
		{7A17D3DD-8157-4E51-9731-C40AEE1F89B2}.Release|Any CPU.Build.0 = Release|Any CPU
	EndGlobalSection
	GlobalSection(SolutionProperties) = preSolution
		HideSolutionNode = FALSE
	EndGlobalSection
	GlobalSection(ExtensibilityGlobals) = postSolution
		SolutionGuid = {19E5CE85-07AF-4767-9BAA-18F58BC6A0DB}
	EndGlobalSection
EndGlobal
