
Microsoft Visual Studio Solution File, Format Version 12.00
# Visual Studio 15
VisualStudioVersion = 15.0.27703.2000
MinimumVisualStudioVersion = 10.0.40219.1
Project("{9A19103F-16F7-4668-BE54-9A1E7A4F7556}") = "P03_SalesDatabase", "P03_SalesDatabase\P03_SalesDatabase.csproj", "{1796DB42-63C3-4346-94FB-F392D93F1954}"
EndProject
Project("{9A19103F-16F7-4668-BE54-9A1E7A4F7556}") = "P03_SalesDatabase.Data", "P03_SalesDatabase.Data\P03_SalesDatabase.Data.csproj", "{A6CE030F-AD82-4E58-AEA3-8E507C939F76}"
EndProject
Global
	GlobalSection(SolutionConfigurationPlatforms) = preSolution
		Debug|Any CPU = Debug|Any CPU
		Release|Any CPU = Release|Any CPU
	EndGlobalSection
	GlobalSection(ProjectConfigurationPlatforms) = postSolution
		{1796DB42-63C3-4346-94FB-F392D93F1954}.Debug|Any CPU.ActiveCfg = Debug|Any CPU
		{1796DB42-63C3-4346-94FB-F392D93F1954}.Debug|Any CPU.Build.0 = Debug|Any CPU
		{1796DB42-63C3-4346-94FB-F392D93F1954}.Release|Any CPU.ActiveCfg = Release|Any CPU
		{1796DB42-63C3-4346-94FB-F392D93F1954}.Release|Any CPU.Build.0 = Release|Any CPU
		{A6CE030F-AD82-4E58-AEA3-8E507C939F76}.Debug|Any CPU.ActiveCfg = Debug|Any CPU
		{A6CE030F-AD82-4E58-AEA3-8E507C939F76}.Debug|Any CPU.Build.0 = Debug|Any CPU
		{A6CE030F-AD82-4E58-AEA3-8E507C939F76}.Release|Any CPU.ActiveCfg = Release|Any CPU
		{A6CE030F-AD82-4E58-AEA3-8E507C939F76}.Release|Any CPU.Build.0 = Release|Any CPU
	EndGlobalSection
	GlobalSection(SolutionProperties) = preSolution
		HideSolutionNode = FALSE
	EndGlobalSection
	GlobalSection(ExtensibilityGlobals) = postSolution
		SolutionGuid = {9F97CB3B-4110-4881-A0B1-3954977370F8}
	EndGlobalSection
EndGlobal
