
Microsoft Visual Studio Solution File, Format Version 12.00
# Visual Studio 15
VisualStudioVersion = 15.0.27703.2000
MinimumVisualStudioVersion = 10.0.40219.1
Project("{FAE04EC0-301F-11D3-BF4B-00C04F79EFBC}") = "Databases Advanced_EntityFramework", "L01.Databases Advanced_EntityFramework\Databases Advanced_EntityFramework.csproj", "{2BF1D2EE-AA0C-4937-951F-9271C3AE1A8C}"
EndProject
Global
	GlobalSection(SolutionConfigurationPlatforms) = preSolution
		Debug|Any CPU = Debug|Any CPU
		Release|Any CPU = Release|Any CPU
	EndGlobalSection
	GlobalSection(ProjectConfigurationPlatforms) = postSolution
		{2BF1D2EE-AA0C-4937-951F-9271C3AE1A8C}.Debug|Any CPU.ActiveCfg = Debug|Any CPU
		{2BF1D2EE-AA0C-4937-951F-9271C3AE1A8C}.Debug|Any CPU.Build.0 = Debug|Any CPU
		{2BF1D2EE-AA0C-4937-951F-9271C3AE1A8C}.Release|Any CPU.ActiveCfg = Release|Any CPU
		{2BF1D2EE-AA0C-4937-951F-9271C3AE1A8C}.Release|Any CPU.Build.0 = Release|Any CPU
	EndGlobalSection
	GlobalSection(SolutionProperties) = preSolution
		HideSolutionNode = FALSE
	EndGlobalSection
	GlobalSection(ExtensibilityGlobals) = postSolution
		SolutionGuid = {0F681A3F-56EC-4FDC-8E0B-5FCD5F9393FF}
	EndGlobalSection
EndGlobal
